
Microsoft Visual Studio Solution File, Format Version 12.00
# Visual Studio Version 17
VisualStudioVersion = 17.5.002.0
MinimumVisualStudioVersion = 10.0.40219.1
Project("{9A19103F-16F7-4668-BE54-9A1E7A4F7556}") = "CollegeApi", "CollegeApi\CollegeApi.csproj", "{FED0BE61-1288-4DE3-9CC4-5F063B3A8852}"
EndProject
Project("{9A19103F-16F7-4668-BE54-9A1E7A4F7556}") = "CollegeMonitor", "CollegeMonitor\CollegeMonitor.csproj", "{B12FF530-2DAB-4625-A000-09E75F012665}"
EndProject
Project("{FAE04EC0-301F-11D3-BF4B-00C04F79EFBC}") = "College.Infrastructure", "College.Infrastructure\College.Infrastructure.csproj", "{40E15D8F-81C6-4DF2-99BB-D880CB6EC0FF}"
EndProject
Global
	GlobalSection(SolutionConfigurationPlatforms) = preSolution
		Debug|Any CPU = Debug|Any CPU
		Release|Any CPU = Release|Any CPU
	EndGlobalSection
	GlobalSection(ProjectConfigurationPlatforms) = postSolution
		{FED0BE61-1288-4DE3-9CC4-5F063B3A8852}.Debug|Any CPU.ActiveCfg = Debug|Any CPU
		{FED0BE61-1288-4DE3-9CC4-5F063B3A8852}.Debug|Any CPU.Build.0 = Debug|Any CPU
		{FED0BE61-1288-4DE3-9CC4-5F063B3A8852}.Release|Any CPU.ActiveCfg = Release|Any CPU
		{FED0BE61-1288-4DE3-9CC4-5F063B3A8852}.Release|Any CPU.Build.0 = Release|Any CPU
		{B12FF530-2DAB-4625-A000-09E75F012665}.Debug|Any CPU.ActiveCfg = Debug|Any CPU
		{B12FF530-2DAB-4625-A000-09E75F012665}.Debug|Any CPU.Build.0 = Debug|Any CPU
		{B12FF530-2DAB-4625-A000-09E75F012665}.Release|Any CPU.ActiveCfg = Release|Any CPU
		{B12FF530-2DAB-4625-A000-09E75F012665}.Release|Any CPU.Build.0 = Release|Any CPU
		{40E15D8F-81C6-4DF2-99BB-D880CB6EC0FF}.Debug|Any CPU.ActiveCfg = Debug|Any CPU
		{40E15D8F-81C6-4DF2-99BB-D880CB6EC0FF}.Debug|Any CPU.Build.0 = Debug|Any CPU
		{40E15D8F-81C6-4DF2-99BB-D880CB6EC0FF}.Release|Any CPU.ActiveCfg = Release|Any CPU
		{40E15D8F-81C6-4DF2-99BB-D880CB6EC0FF}.Release|Any CPU.Build.0 = Release|Any CPU
	EndGlobalSection
	GlobalSection(SolutionProperties) = preSolution
		HideSolutionNode = FALSE
	EndGlobalSection
	GlobalSection(ExtensibilityGlobals) = postSolution
		SolutionGuid = {5E977A5D-B837-4779-90E5-6DCB501F3F54}
	EndGlobalSection
EndGlobal
